
Microsoft Visual Studio Solution File, Format Version 12.00
# Visual Studio Version 16
VisualStudioVersion = 16.0.31129.286
MinimumVisualStudioVersion = 10.0.40219.1
Project("{9A19103F-16F7-4668-BE54-9A1E7A4F7556}") = "OrderAPI", "OrderAPI\OrderAPI.csproj", "{773292F4-D3C8-47A3-A2BB-C330D9FD9FD6}"
EndProject
Project("{9A19103F-16F7-4668-BE54-9A1E7A4F7556}") = "OrderAPI.BuisnessLayer", "BuisnessLayer\OrderAPI.BuisnessLayer.csproj", "{F8570ACF-3D20-4006-8C85-9C01B891AF74}"
EndProject
Global
	GlobalSection(SolutionConfigurationPlatforms) = preSolution
		Debug|Any CPU = Debug|Any CPU
		Release|Any CPU = Release|Any CPU
	EndGlobalSection
	GlobalSection(ProjectConfigurationPlatforms) = postSolution
		{773292F4-D3C8-47A3-A2BB-C330D9FD9FD6}.Debug|Any CPU.ActiveCfg = Debug|Any CPU
		{773292F4-D3C8-47A3-A2BB-C330D9FD9FD6}.Debug|Any CPU.Build.0 = Debug|Any CPU
		{773292F4-D3C8-47A3-A2BB-C330D9FD9FD6}.Release|Any CPU.ActiveCfg = Release|Any CPU
		{773292F4-D3C8-47A3-A2BB-C330D9FD9FD6}.Release|Any CPU.Build.0 = Release|Any CPU
		{F8570ACF-3D20-4006-8C85-9C01B891AF74}.Debug|Any CPU.ActiveCfg = Debug|Any CPU
		{F8570ACF-3D20-4006-8C85-9C01B891AF74}.Debug|Any CPU.Build.0 = Debug|Any CPU
		{F8570ACF-3D20-4006-8C85-9C01B891AF74}.Release|Any CPU.ActiveCfg = Release|Any CPU
		{F8570ACF-3D20-4006-8C85-9C01B891AF74}.Release|Any CPU.Build.0 = Release|Any CPU
	EndGlobalSection
	GlobalSection(SolutionProperties) = preSolution
		HideSolutionNode = FALSE
	EndGlobalSection
	GlobalSection(ExtensibilityGlobals) = postSolution
		SolutionGuid = {E2F1A57C-4B06-4326-A431-740A6660542F}
	EndGlobalSection
EndGlobal
